
Microsoft Visual Studio Solution File, Format Version 12.00
# Visual Studio Version 16
VisualStudioVersion = 16.0.31229.75
MinimumVisualStudioVersion = 10.0.40219.1
Project("{FAE04EC0-301F-11D3-BF4B-00C04F79EFBC}") = "KakaoTalkPC_Adblock", "KakaoTalkPC_Adblock\KakaoTalkPC_Adblock.csproj", "{265929F1-9754-4488-8F0E-AD11044F47BD}"
EndProject
Global
	GlobalSection(SolutionConfigurationPlatforms) = preSolution
		Debug|Any CPU = Debug|Any CPU
		Release|Any CPU = Release|Any CPU
	EndGlobalSection
	GlobalSection(ProjectConfigurationPlatforms) = postSolution
		{265929F1-9754-4488-8F0E-AD11044F47BD}.Debug|Any CPU.ActiveCfg = Debug|Any CPU
		{265929F1-9754-4488-8F0E-AD11044F47BD}.Debug|Any CPU.Build.0 = Debug|Any CPU
		{265929F1-9754-4488-8F0E-AD11044F47BD}.Release|Any CPU.ActiveCfg = Release|Any CPU
		{265929F1-9754-4488-8F0E-AD11044F47BD}.Release|Any CPU.Build.0 = Release|Any CPU
	EndGlobalSection
	GlobalSection(SolutionProperties) = preSolution
		HideSolutionNode = FALSE
	EndGlobalSection
	GlobalSection(ExtensibilityGlobals) = postSolution
		SolutionGuid = {6ABEA7C5-8549-47E2-B2D4-5D0268B50531}
	EndGlobalSection
EndGlobal
